
Microsoft Visual Studio Solution File, Format Version 12.00
# Visual Studio Version 17
VisualStudioVersion = 17.9.34728.123
MinimumVisualStudioVersion = 10.0.40219.1
Project("{FAE04EC0-301F-11D3-BF4B-00C04F79EFBC}") = "TPC_Equipo_5", "TPC_Equipo_5.csproj", "{6197AE62-4094-496A-8FD1-7C6F457F7489}"
EndProject
Project("{9A19103F-16F7-4668-BE54-9A1E7A4F7556}") = "Negocio", "..\Negocio\Negocio.csproj", "{25789B9A-86F3-4169-8132-8A59D5182FB0}"
EndProject
Project("{FAE04EC0-301F-11D3-BF4B-00C04F79EFBC}") = "LecturaDatos", "..\LecturaDatos\LecturaDatos.csproj", "{30CAFD36-06EE-4BC4-B9DA-DDA4F1F55B0C}"
EndProject
Project("{FAE04EC0-301F-11D3-BF4B-00C04F79EFBC}") = "Dominio", "..\Dominioo\Dominio.csproj", "{8CC9F615-42B3-4165-8553-90DCDA5F56DD}"
EndProject
Global
	GlobalSection(SolutionConfigurationPlatforms) = preSolution
		Debug|Any CPU = Debug|Any CPU
		Release|Any CPU = Release|Any CPU
	EndGlobalSection
	GlobalSection(ProjectConfigurationPlatforms) = postSolution
		{6197AE62-4094-496A-8FD1-7C6F457F7489}.Debug|Any CPU.ActiveCfg = Debug|Any CPU
		{6197AE62-4094-496A-8FD1-7C6F457F7489}.Debug|Any CPU.Build.0 = Debug|Any CPU
		{6197AE62-4094-496A-8FD1-7C6F457F7489}.Release|Any CPU.ActiveCfg = Release|Any CPU
		{6197AE62-4094-496A-8FD1-7C6F457F7489}.Release|Any CPU.Build.0 = Release|Any CPU
		{25789B9A-86F3-4169-8132-8A59D5182FB0}.Debug|Any CPU.ActiveCfg = Debug|Any CPU
		{25789B9A-86F3-4169-8132-8A59D5182FB0}.Debug|Any CPU.Build.0 = Debug|Any CPU
		{25789B9A-86F3-4169-8132-8A59D5182FB0}.Release|Any CPU.ActiveCfg = Release|Any CPU
		{25789B9A-86F3-4169-8132-8A59D5182FB0}.Release|Any CPU.Build.0 = Release|Any CPU
		{30CAFD36-06EE-4BC4-B9DA-DDA4F1F55B0C}.Debug|Any CPU.ActiveCfg = Debug|Any CPU
		{30CAFD36-06EE-4BC4-B9DA-DDA4F1F55B0C}.Debug|Any CPU.Build.0 = Debug|Any CPU
		{30CAFD36-06EE-4BC4-B9DA-DDA4F1F55B0C}.Release|Any CPU.ActiveCfg = Release|Any CPU
		{30CAFD36-06EE-4BC4-B9DA-DDA4F1F55B0C}.Release|Any CPU.Build.0 = Release|Any CPU
		{8CC9F615-42B3-4165-8553-90DCDA5F56DD}.Debug|Any CPU.ActiveCfg = Debug|Any CPU
		{8CC9F615-42B3-4165-8553-90DCDA5F56DD}.Debug|Any CPU.Build.0 = Debug|Any CPU
		{8CC9F615-42B3-4165-8553-90DCDA5F56DD}.Release|Any CPU.ActiveCfg = Release|Any CPU
		{8CC9F615-42B3-4165-8553-90DCDA5F56DD}.Release|Any CPU.Build.0 = Release|Any CPU
	EndGlobalSection
	GlobalSection(SolutionProperties) = preSolution
		HideSolutionNode = FALSE
	EndGlobalSection
	GlobalSection(ExtensibilityGlobals) = postSolution
		SolutionGuid = {AFFE97FB-0596-431B-93F4-DB06CC3C7995}
	EndGlobalSection
EndGlobal
